
Microsoft Visual Studio Solution File, Format Version 12.00
# Visual Studio Version 17
VisualStudioVersion = 17.9.34607.119
MinimumVisualStudioVersion = 10.0.40219.1
Project("{9A19103F-16F7-4668-BE54-9A1E7A4F7556}") = "MintChainDropsConsoleClient", "MintChainDropsTracker\MintChainDropsConsoleClient.csproj", "{72C52855-E5F5-43C7-8A15-581FE623CFCB}"
EndProject
Project("{FAE04EC0-301F-11D3-BF4B-00C04F79EFBC}") = "EnergyStealLibrary", "EnergyStealLibrary\EnergyStealLibrary.csproj", "{C97C5FB3-F6B1-42C3-934D-1945FEB3E2ED}"
EndProject
Global
	GlobalSection(SolutionConfigurationPlatforms) = preSolution
		Debug|Any CPU = Debug|Any CPU
		Release|Any CPU = Release|Any CPU
	EndGlobalSection
	GlobalSection(ProjectConfigurationPlatforms) = postSolution
		{72C52855-E5F5-43C7-8A15-581FE623CFCB}.Debug|Any CPU.ActiveCfg = Debug|Any CPU
		{72C52855-E5F5-43C7-8A15-581FE623CFCB}.Debug|Any CPU.Build.0 = Debug|Any CPU
		{72C52855-E5F5-43C7-8A15-581FE623CFCB}.Release|Any CPU.ActiveCfg = Release|Any CPU
		{72C52855-E5F5-43C7-8A15-581FE623CFCB}.Release|Any CPU.Build.0 = Release|Any CPU
		{C97C5FB3-F6B1-42C3-934D-1945FEB3E2ED}.Debug|Any CPU.ActiveCfg = Debug|Any CPU
		{C97C5FB3-F6B1-42C3-934D-1945FEB3E2ED}.Debug|Any CPU.Build.0 = Debug|Any CPU
		{C97C5FB3-F6B1-42C3-934D-1945FEB3E2ED}.Release|Any CPU.ActiveCfg = Release|Any CPU
		{C97C5FB3-F6B1-42C3-934D-1945FEB3E2ED}.Release|Any CPU.Build.0 = Release|Any CPU
	EndGlobalSection
	GlobalSection(SolutionProperties) = preSolution
		HideSolutionNode = FALSE
	EndGlobalSection
	GlobalSection(ExtensibilityGlobals) = postSolution
		SolutionGuid = {BEFF71C6-DA3E-4161-B60D-311815F695F0}
	EndGlobalSection
EndGlobal
